
Microsoft Visual Studio Solution File, Format Version 12.00
# Visual Studio Version 16
VisualStudioVersion = 16.0.31515.178
MinimumVisualStudioVersion = 10.0.40219.1
Project("{9A19103F-16F7-4668-BE54-9A1E7A4F7556}") = "HelloWorldWebApp", "HelloWorldWebApp\HelloWorldWebApp.csproj", "{10BB972C-F69B-49BA-A535-B4F7FB354E06}"
EndProject
Project("{9A19103F-16F7-4668-BE54-9A1E7A4F7556}") = "HelloWorldConsole", "HelloWorldConsole\HelloWorldConsole.csproj", "{8E020B21-BD49-4621-99BB-2E716D922426}"
EndProject
Project("{2150E333-8FDC-42A3-9474-1A3956D46DE8}") = "Solution Items", "Solution Items", "{1212281F-D98A-49F0-9558-AF9C05C42595}"
	ProjectSection(SolutionItems) = preProject
		.editorconfig = .editorconfig
		README.md = README.md
	EndProjectSection
EndProject
Project("{9A19103F-16F7-4668-BE54-9A1E7A4F7556}") = "HelloWorldWebApp.Tests", "HelloWorldWebApp.Tests\HelloWorldWebApp.Tests.csproj", "{F7F619B2-EF18-4875-90CA-9406AEDCAB4F}"
EndProject
Global
	GlobalSection(SolutionConfigurationPlatforms) = preSolution
		Debug|Any CPU = Debug|Any CPU
		Release|Any CPU = Release|Any CPU
	EndGlobalSection
	GlobalSection(ProjectConfigurationPlatforms) = postSolution
		{10BB972C-F69B-49BA-A535-B4F7FB354E06}.Debug|Any CPU.ActiveCfg = Debug|Any CPU
		{10BB972C-F69B-49BA-A535-B4F7FB354E06}.Debug|Any CPU.Build.0 = Debug|Any CPU
		{10BB972C-F69B-49BA-A535-B4F7FB354E06}.Release|Any CPU.ActiveCfg = Release|Any CPU
		{10BB972C-F69B-49BA-A535-B4F7FB354E06}.Release|Any CPU.Build.0 = Release|Any CPU
		{8E020B21-BD49-4621-99BB-2E716D922426}.Debug|Any CPU.ActiveCfg = Debug|Any CPU
		{8E020B21-BD49-4621-99BB-2E716D922426}.Debug|Any CPU.Build.0 = Debug|Any CPU
		{8E020B21-BD49-4621-99BB-2E716D922426}.Release|Any CPU.ActiveCfg = Release|Any CPU
		{8E020B21-BD49-4621-99BB-2E716D922426}.Release|Any CPU.Build.0 = Release|Any CPU
		{F7F619B2-EF18-4875-90CA-9406AEDCAB4F}.Debug|Any CPU.ActiveCfg = Debug|Any CPU
		{F7F619B2-EF18-4875-90CA-9406AEDCAB4F}.Debug|Any CPU.Build.0 = Debug|Any CPU
		{F7F619B2-EF18-4875-90CA-9406AEDCAB4F}.Release|Any CPU.ActiveCfg = Release|Any CPU
		{F7F619B2-EF18-4875-90CA-9406AEDCAB4F}.Release|Any CPU.Build.0 = Release|Any CPU
	EndGlobalSection
	GlobalSection(SolutionProperties) = preSolution
		HideSolutionNode = FALSE
	EndGlobalSection
	GlobalSection(ExtensibilityGlobals) = postSolution
		SolutionGuid = {9234D1D1-5B15-45BE-8471-4567CDCB70DD}
	EndGlobalSection
EndGlobal
